// !$*UTF8*$!
{
	archiveVersion = 1;
	classes = {
	};
	objectVersion = 56;
	objects = {

/* Begin PBXBuildFile section */
		620FC9672A247C760040C617 /* AppDelegate.swift in Sources */ = {isa = PBXBuildFile; fileRef = 620FC9662A247C760040C617 /* AppDelegate.swift */; };
		620FC9692A247C760040C617 /* SceneDelegate.swift in Sources */ = {isa = PBXBuildFile; fileRef = 620FC9682A247C760040C617 /* SceneDelegate.swift */; };
		620FC96B2A247C760040C617 /* ViewController.swift in Sources */ = {isa = PBXBuildFile; fileRef = 620FC96A2A247C760040C617 /* ViewController.swift */; };
		620FC96E2A247C760040C617 /* Main.storyboard in Resources */ = {isa = PBXBuildFile; fileRef = 620FC96C2A247C760040C617 /* Main.storyboard */; };
		620FC9702A247C770040C617 /* Assets.xcassets in Resources */ = {isa = PBXBuildFile; fileRef = 620FC96F2A247C770040C617 /* Assets.xcassets */; };
		620FC9732A247C770040C617 /* LaunchScreen.storyboard in Resources */ = {isa = PBXBuildFile; fileRef = 620FC9712A247C770040C617 /* LaunchScreen.storyboard */; };
		620FC97B2A2482CB0040C617 /* HomeCollectionViewController.swift in Sources */ = {isa = PBXBuildFile; fileRef = 620FC97A2A2482CB0040C617 /* HomeCollectionViewController.swift */; };
		620FC97D2A2482E70040C617 /* HabitCollectionViewController.swift in Sources */ = {isa = PBXBuildFile; fileRef = 620FC97C2A2482E70040C617 /* HabitCollectionViewController.swift */; };
		620FC97F2A2482FA0040C617 /* UserCollectionViewController.swift in Sources */ = {isa = PBXBuildFile; fileRef = 620FC97E2A2482FA0040C617 /* UserCollectionViewController.swift */; };
		620FC9812A2483090040C617 /* LogHabitCollectionViewController.swift in Sources */ = {isa = PBXBuildFile; fileRef = 620FC9802A2483090040C617 /* LogHabitCollectionViewController.swift */; };
		620FC9842A2484600040C617 /* HabitDetailViewController.swift in Sources */ = {isa = PBXBuildFile; fileRef = 620FC9832A2484600040C617 /* HabitDetailViewController.swift */; };
		620FC9862A2484700040C617 /* UserViewController.swift in Sources */ = {isa = PBXBuildFile; fileRef = 620FC9852A2484700040C617 /* UserViewController.swift */; };
		620FC9892A2485BD0040C617 /* Habit.swift in Sources */ = {isa = PBXBuildFile; fileRef = 620FC9882A2485BD0040C617 /* Habit.swift */; };
		620FC98B2A2486190040C617 /* Category.swift in Sources */ = {isa = PBXBuildFile; fileRef = 620FC98A2A2486190040C617 /* Category.swift */; };
		620FC98D2A2486490040C617 /* Color.swift in Sources */ = {isa = PBXBuildFile; fileRef = 620FC98C2A2486490040C617 /* Color.swift */; };
		620FC98F2A2486CA0040C617 /* APIRequest.swift in Sources */ = {isa = PBXBuildFile; fileRef = 620FC98E2A2486CA0040C617 /* APIRequest.swift */; };
		622EC91A2A248B420094FC90 /* APIService.swift in Sources */ = {isa = PBXBuildFile; fileRef = 622EC9192A248B420094FC90 /* APIService.swift */; };
		622EC91C2A2582B80094FC90 /* Settings.swift in Sources */ = {isa = PBXBuildFile; fileRef = 622EC91B2A2582B80094FC90 /* Settings.swift */; };
		622EC91E2A25C7C90094FC90 /* UICollectionViewDiffableDataSource+ViewModel.swift in Sources */ = {isa = PBXBuildFile; fileRef = 622EC91D2A25C7C90094FC90 /* UICollectionViewDiffableDataSource+ViewModel.swift */; };
/* End PBXBuildFile section */

/* Begin PBXFileReference section */
		620FC9632A247C760040C617 /* Habits.app */ = {isa = PBXFileReference; explicitFileType = wrapper.application; includeInIndex = 0; path = Habits.app; sourceTree = BUILT_PRODUCTS_DIR; };
		620FC9662A247C760040C617 /* AppDelegate.swift */ = {isa = PBXFileReference; lastKnownFileType = sourcecode.swift; path = AppDelegate.swift; sourceTree = "<group>"; };
		620FC9682A247C760040C617 /* SceneDelegate.swift */ = {isa = PBXFileReference; lastKnownFileType = sourcecode.swift; path = SceneDelegate.swift; sourceTree = "<group>"; };
		620FC96A2A247C760040C617 /* ViewController.swift */ = {isa = PBXFileReference; lastKnownFileType = sourcecode.swift; path = ViewController.swift; sourceTree = "<group>"; };
		620FC96D2A247C760040C617 /* Base */ = {isa = PBXFileReference; lastKnownFileType = file.storyboard; name = Base; path = Base.lproj/Main.storyboard; sourceTree = "<group>"; };
		620FC96F2A247C770040C617 /* Assets.xcassets */ = {isa = PBXFileReference; lastKnownFileType = folder.assetcatalog; path = Assets.xcassets; sourceTree = "<group>"; };
		620FC9722A247C770040C617 /* Base */ = {isa = PBXFileReference; lastKnownFileType = file.storyboard; name = Base; path = Base.lproj/LaunchScreen.storyboard; sourceTree = "<group>"; };
		620FC9742A247C770040C617 /* Info.plist */ = {isa = PBXFileReference; lastKnownFileType = text.plist.xml; path = Info.plist; sourceTree = "<group>"; };
		620FC97A2A2482CB0040C617 /* HomeCollectionViewController.swift */ = {isa = PBXFileReference; lastKnownFileType = sourcecode.swift; path = HomeCollectionViewController.swift; sourceTree = "<group>"; };
		620FC97C2A2482E70040C617 /* HabitCollectionViewController.swift */ = {isa = PBXFileReference; lastKnownFileType = sourcecode.swift; path = HabitCollectionViewController.swift; sourceTree = "<group>"; };
		620FC97E2A2482FA0040C617 /* UserCollectionViewController.swift */ = {isa = PBXFileReference; lastKnownFileType = sourcecode.swift; path = UserCollectionViewController.swift; sourceTree = "<group>"; };
		620FC9802A2483090040C617 /* LogHabitCollectionViewController.swift */ = {isa = PBXFileReference; lastKnownFileType = sourcecode.swift; path = LogHabitCollectionViewController.swift; sourceTree = "<group>"; };
		620FC9832A2484600040C617 /* HabitDetailViewController.swift */ = {isa = PBXFileReference; lastKnownFileType = sourcecode.swift; path = HabitDetailViewController.swift; sourceTree = "<group>"; };
		620FC9852A2484700040C617 /* UserViewController.swift */ = {isa = PBXFileReference; lastKnownFileType = sourcecode.swift; path = UserViewController.swift; sourceTree = "<group>"; };
		620FC9882A2485BD0040C617 /* Habit.swift */ = {isa = PBXFileReference; lastKnownFileType = sourcecode.swift; path = Habit.swift; sourceTree = "<group>"; };
		620FC98A2A2486190040C617 /* Category.swift */ = {isa = PBXFileReference; lastKnownFileType = sourcecode.swift; path = Category.swift; sourceTree = "<group>"; };
		620FC98C2A2486490040C617 /* Color.swift */ = {isa = PBXFileReference; lastKnownFileType = sourcecode.swift; path = Color.swift; sourceTree = "<group>"; };
		620FC98E2A2486CA0040C617 /* APIRequest.swift */ = {isa = PBXFileReference; lastKnownFileType = sourcecode.swift; path = APIRequest.swift; sourceTree = "<group>"; };
		622EC9192A248B420094FC90 /* APIService.swift */ = {isa = PBXFileReference; lastKnownFileType = sourcecode.swift; path = APIService.swift; sourceTree = "<group>"; };
		622EC91B2A2582B80094FC90 /* Settings.swift */ = {isa = PBXFileReference; lastKnownFileType = sourcecode.swift; path = Settings.swift; sourceTree = "<group>"; };
		622EC91D2A25C7C90094FC90 /* UICollectionViewDiffableDataSource+ViewModel.swift */ = {isa = PBXFileReference; lastKnownFileType = sourcecode.swift; path = "UICollectionViewDiffableDataSource+ViewModel.swift"; sourceTree = "<group>"; };
/* End PBXFileReference section */

/* Begin PBXFrameworksBuildPhase section */
		620FC9602A247C760040C617 /* Frameworks */ = {
			isa = PBXFrameworksBuildPhase;
			buildActionMask = 2147483647;
			files = (
			);
			runOnlyForDeploymentPostprocessing = 0;
		};
/* End PBXFrameworksBuildPhase section */

/* Begin PBXGroup section */
		620FC95A2A247C760040C617 = {
			isa = PBXGroup;
			children = (
				620FC9652A247C760040C617 /* Habits */,
				620FC9642A247C760040C617 /* Products */,
			);
			sourceTree = "<group>";
		};
		620FC9642A247C760040C617 /* Products */ = {
			isa = PBXGroup;
			children = (
				620FC9632A247C760040C617 /* Habits.app */,
			);
			name = Products;
			sourceTree = "<group>";
		};
		620FC9652A247C760040C617 /* Habits */ = {
			isa = PBXGroup;
			children = (
				620FC9662A247C760040C617 /* AppDelegate.swift */,
				620FC9682A247C760040C617 /* SceneDelegate.swift */,
				620FC96A2A247C760040C617 /* ViewController.swift */,
				620FC9882A2485BD0040C617 /* Habit.swift */,
				620FC98A2A2486190040C617 /* Category.swift */,
				620FC98C2A2486490040C617 /* Color.swift */,
				620FC98E2A2486CA0040C617 /* APIRequest.swift */,
				622EC9192A248B420094FC90 /* APIService.swift */,
				622EC91B2A2582B80094FC90 /* Settings.swift */,
				622EC91D2A25C7C90094FC90 /* UICollectionViewDiffableDataSource+ViewModel.swift */,
				620FC9872A24847B0040C617 /* View Controllers */,
				620FC9822A24830F0040C617 /* Collection View Controllers */,
				620FC96C2A247C760040C617 /* Main.storyboard */,
				620FC96F2A247C770040C617 /* Assets.xcassets */,
				620FC9712A247C770040C617 /* LaunchScreen.storyboard */,
				620FC9742A247C770040C617 /* Info.plist */,
			);
			path = Habits;
			sourceTree = "<group>";
		};
		620FC9822A24830F0040C617 /* Collection View Controllers */ = {
			isa = PBXGroup;
			children = (
				620FC97A2A2482CB0040C617 /* HomeCollectionViewController.swift */,
				620FC97C2A2482E70040C617 /* HabitCollectionViewController.swift */,
				620FC97E2A2482FA0040C617 /* UserCollectionViewController.swift */,
				620FC9802A2483090040C617 /* LogHabitCollectionViewController.swift */,
			);
			path = "Collection View Controllers";
			sourceTree = "<group>";
		};
		620FC9872A24847B0040C617 /* View Controllers */ = {
			isa = PBXGroup;
			children = (
				620FC9832A2484600040C617 /* HabitDetailViewController.swift */,
				620FC9852A2484700040C617 /* UserViewController.swift */,
			);
			path = "View Controllers";
			sourceTree = "<group>";
		};
/* End PBXGroup section */

/* Begin PBXNativeTarget section */
		620FC9622A247C760040C617 /* Habits */ = {
			isa = PBXNativeTarget;
			buildConfigurationList = 620FC9772A247C770040C617 /* Build configuration list for PBXNativeTarget "Habits" */;
			buildPhases = (
				620FC95F2A247C760040C617 /* Sources */,
				620FC9602A247C760040C617 /* Frameworks */,
				620FC9612A247C760040C617 /* Resources */,
			);
			buildRules = (
			);
			dependencies = (
			);
			name = Habits;
			productName = Habits;
			productReference = 620FC9632A247C760040C617 /* Habits.app */;
			productType = "com.apple.product-type.application";
		};
/* End PBXNativeTarget section */

/* Begin PBXProject section */
		620FC95B2A247C760040C617 /* Project object */ = {
			isa = PBXProject;
			attributes = {
				BuildIndependentTargetsInParallel = 1;
				LastSwiftUpdateCheck = 1430;
				LastUpgradeCheck = 1430;
				TargetAttributes = {
					620FC9622A247C760040C617 = {
						CreatedOnToolsVersion = 14.3;
					};
				};
			};
			buildConfigurationList = 620FC95E2A247C760040C617 /* Build configuration list for PBXProject "Habits" */;
			compatibilityVersion = "Xcode 14.0";
			developmentRegion = en;
			hasScannedForEncodings = 0;
			knownRegions = (
				en,
				Base,
			);
			mainGroup = 620FC95A2A247C760040C617;
			productRefGroup = 620FC9642A247C760040C617 /* Products */;
			projectDirPath = "";
			projectRoot = "";
			targets = (
				620FC9622A247C760040C617 /* Habits */,
			);
		};
/* End PBXProject section */

/* Begin PBXResourcesBuildPhase section */
		620FC9612A247C760040C617 /* Resources */ = {
			isa = PBXResourcesBuildPhase;
			buildActionMask = 2147483647;
			files = (
				620FC9732A247C770040C617 /* LaunchScreen.storyboard in Resources */,
				620FC9702A247C770040C617 /* Assets.xcassets in Resources */,
				620FC96E2A247C760040C617 /* Main.storyboard in Resources */,
			);
			runOnlyForDeploymentPostprocessing = 0;
		};
/* End PBXResourcesBuildPhase section */

/* Begin PBXSourcesBuildPhase section */
		620FC95F2A247C760040C617 /* Sources */ = {
			isa = PBXSourcesBuildPhase;
			buildActionMask = 2147483647;
			files = (
				620FC9812A2483090040C617 /* LogHabitCollectionViewController.swift in Sources */,
				622EC91E2A25C7C90094FC90 /* UICollectionViewDiffableDataSource+ViewModel.swift in Sources */,
				620FC9862A2484700040C617 /* UserViewController.swift in Sources */,
				620FC98F2A2486CA0040C617 /* APIRequest.swift in Sources */,
				620FC96B2A247C760040C617 /* ViewController.swift in Sources */,
				620FC97B2A2482CB0040C617 /* HomeCollectionViewController.swift in Sources */,
				620FC97D2A2482E70040C617 /* HabitCollectionViewController.swift in Sources */,
				620FC98D2A2486490040C617 /* Color.swift in Sources */,
				620FC9842A2484600040C617 /* HabitDetailViewController.swift in Sources */,
				622EC91A2A248B420094FC90 /* APIService.swift in Sources */,
				622EC91C2A2582B80094FC90 /* Settings.swift in Sources */,
				620FC9892A2485BD0040C617 /* Habit.swift in Sources */,
				620FC9672A247C760040C617 /* AppDelegate.swift in Sources */,
				620FC9692A247C760040C617 /* SceneDelegate.swift in Sources */,
				620FC97F2A2482FA0040C617 /* UserCollectionViewController.swift in Sources */,
				620FC98B2A2486190040C617 /* Category.swift in Sources */,
			);
			runOnlyForDeploymentPostprocessing = 0;
		};
/* End PBXSourcesBuildPhase section */

/* Begin PBXVariantGroup section */
		620FC96C2A247C760040C617 /* Main.storyboard */ = {
			isa = PBXVariantGroup;
			children = (
				620FC96D2A247C760040C617 /* Base */,
			);
			name = Main.storyboard;
			sourceTree = "<group>";
		};
		620FC9712A247C770040C617 /* LaunchScreen.storyboard */ = {
			isa = PBXVariantGroup;
			children = (
				620FC9722A247C770040C617 /* Base */,
			);
			name = LaunchScreen.storyboard;
			sourceTree = "<group>";
		};
/* End PBXVariantGroup section */

/* Begin XCBuildConfiguration section */
		620FC9752A247C770040C617 /* Debug */ = {
			isa = XCBuildConfiguration;
			buildSettings = {
				ALWAYS_SEARCH_USER_PATHS = NO;
				CLANG_ANALYZER_NONNULL = YES;
				CLANG_ANALYZER_NUMBER_OBJECT_CONVERSION = YES_AGGRESSIVE;
				CLANG_CXX_LANGUAGE_STANDARD = "gnu++20";
				CLANG_ENABLE_MODULES = YES;
				CLANG_ENABLE_OBJC_ARC = YES;
				CLANG_ENABLE_OBJC_WEAK = YES;
				CLANG_WARN_BLOCK_CAPTURE_AUTORELEASING = YES;
				CLANG_WARN_BOOL_CONVERSION = YES;
				CLANG_WARN_COMMA = YES;
				CLANG_WARN_CONSTANT_CONVERSION = YES;
				CLANG_WARN_DEPRECATED_OBJC_IMPLEMENTATIONS = YES;
				CLANG_WARN_DIRECT_OBJC_ISA_USAGE = YES_ERROR;
				CLANG_WARN_DOCUMENTATION_COMMENTS = YES;
				CLANG_WARN_EMPTY_BODY = YES;
				CLANG_WARN_ENUM_CONVERSION = YES;
				CLANG_WARN_INFINITE_RECURSION = YES;
				CLANG_WARN_INT_CONVERSION = YES;
				CLANG_WARN_NON_LITERAL_NULL_CONVERSION = YES;
				CLANG_WARN_OBJC_IMPLICIT_RETAIN_SELF = YES;
				CLANG_WARN_OBJC_LITERAL_CONVERSION = YES;
				CLANG_WARN_OBJC_ROOT_CLASS = YES_ERROR;
				CLANG_WARN_QUOTED_INCLUDE_IN_FRAMEWORK_HEADER = YES;
				CLANG_WARN_RANGE_LOOP_ANALYSIS = YES;
				CLANG_WARN_STRICT_PROTOTYPES = YES;
				CLANG_WARN_SUSPICIOUS_MOVE = YES;
				CLANG_WARN_UNGUARDED_AVAILABILITY = YES_AGGRESSIVE;
				CLANG_WARN_UNREACHABLE_CODE = YES;
				CLANG_WARN__DUPLICATE_METHOD_MATCH = YES;
				COPY_PHASE_STRIP = NO;
				DEBUG_INFORMATION_FORMAT = dwarf;
				ENABLE_STRICT_OBJC_MSGSEND = YES;
				ENABLE_TESTABILITY = YES;
				GCC_C_LANGUAGE_STANDARD = gnu11;
				GCC_DYNAMIC_NO_PIC = NO;
				GCC_NO_COMMON_BLOCKS = YES;
				GCC_OPTIMIZATION_LEVEL = 0;
				GCC_PREPROCESSOR_DEFINITIONS = (
					"DEBUG=1",
					"$(inherited)",
				);
				GCC_WARN_64_TO_32_BIT_CONVERSION = YES;
				GCC_WARN_ABOUT_RETURN_TYPE = YES_ERROR;
				GCC_WARN_UNDECLARED_SELECTOR = YES;
				GCC_WARN_UNINITIALIZED_AUTOS = YES_AGGRESSIVE;
				GCC_WARN_UNUSED_FUNCTION = YES;
				GCC_WARN_UNUSED_VARIABLE = YES;
				IPHONEOS_DEPLOYMENT_TARGET = 16.4;
				MTL_ENABLE_DEBUG_INFO = INCLUDE_SOURCE;
				MTL_FAST_MATH = YES;
				ONLY_ACTIVE_ARCH = YES;
				SDKROOT = iphoneos;
				SWIFT_ACTIVE_COMPILATION_CONDITIONS = DEBUG;
				SWIFT_OPTIMIZATION_LEVEL = "-Onone";
			};
			name = Debug;
		};
		620FC9762A247C770040C617 /* Release */ = {
			isa = XCBuildConfiguration;
			buildSettings = {
				ALWAYS_SEARCH_USER_PATHS = NO;
				CLANG_ANALYZER_NONNULL = YES;
				CLANG_ANALYZER_NUMBER_OBJECT_CONVERSION = YES_AGGRESSIVE;
				CLANG_CXX_LANGUAGE_STANDARD = "gnu++20";
				CLANG_ENABLE_MODULES = YES;
				CLANG_ENABLE_OBJC_ARC = YES;
				CLANG_ENABLE_OBJC_WEAK = YES;
				CLANG_WARN_BLOCK_CAPTURE_AUTORELEASING = YES;
				CLANG_WARN_BOOL_CONVERSION = YES;
				CLANG_WARN_COMMA = YES;
				CLANG_WARN_CONSTANT_CONVERSION = YES;
				CLANG_WARN_DEPRECATED_OBJC_IMPLEMENTATIONS = YES;
				CLANG_WARN_DIRECT_OBJC_ISA_USAGE = YES_ERROR;
				CLANG_WARN_DOCUMENTATION_COMMENTS = YES;
				CLANG_WARN_EMPTY_BODY = YES;
				CLANG_WARN_ENUM_CONVERSION = YES;
				CLANG_WARN_INFINITE_RECURSION = YES;
				CLANG_WARN_INT_CONVERSION = YES;
				CLANG_WARN_NON_LITERAL_NULL_CONVERSION = YES;
				CLANG_WARN_OBJC_IMPLICIT_RETAIN_SELF = YES;
				CLANG_WARN_OBJC_LITERAL_CONVERSION = YES;
				CLANG_WARN_OBJC_ROOT_CLASS = YES_ERROR;
				CLANG_WARN_QUOTED_INCLUDE_IN_FRAMEWORK_HEADER = YES;
				CLANG_WARN_RANGE_LOOP_ANALYSIS = YES;
				CLANG_WARN_STRICT_PROTOTYPES = YES;
				CLANG_WARN_SUSPICIOUS_MOVE = YES;
				CLANG_WARN_UNGUARDED_AVAILABILITY = YES_AGGRESSIVE;
				CLANG_WARN_UNREACHABLE_CODE = YES;
				CLANG_WARN__DUPLICATE_METHOD_MATCH = YES;
				COPY_PHASE_STRIP = NO;
				DEBUG_INFORMATION_FORMAT = "dwarf-with-dsym";
				ENABLE_NS_ASSERTIONS = NO;
				ENABLE_STRICT_OBJC_MSGSEND = YES;
				GCC_C_LANGUAGE_STANDARD = gnu11;
				GCC_NO_COMMON_BLOCKS = YES;
				GCC_WARN_64_TO_32_BIT_CONVERSION = YES;
				GCC_WARN_ABOUT_RETURN_TYPE = YES_ERROR;
				GCC_WARN_UNDECLARED_SELECTOR = YES;
				GCC_WARN_UNINITIALIZED_AUTOS = YES_AGGRESSIVE;
				GCC_WARN_UNUSED_FUNCTION = YES;
				GCC_WARN_UNUSED_VARIABLE = YES;
				IPHONEOS_DEPLOYMENT_TARGET = 16.4;
				MTL_ENABLE_DEBUG_INFO = NO;
				MTL_FAST_MATH = YES;
				SDKROOT = iphoneos;
				SWIFT_COMPILATION_MODE = wholemodule;
				SWIFT_OPTIMIZATION_LEVEL = "-O";
				VALIDATE_PRODUCT = YES;
			};
			name = Release;
		};
		620FC9782A247C770040C617 /* Debug */ = {
			isa = XCBuildConfiguration;
			buildSettings = {
				ASSETCATALOG_COMPILER_APPICON_NAME = AppIcon;
				ASSETCATALOG_COMPILER_GLOBAL_ACCENT_COLOR_NAME = AccentColor;
				CODE_SIGN_STYLE = Automatic;
				CURRENT_PROJECT_VERSION = 1;
				DEVELOPMENT_TEAM = B6QF5VZUBU;
				GENERATE_INFOPLIST_FILE = YES;
				INFOPLIST_FILE = Habits/Info.plist;
				INFOPLIST_KEY_UIApplicationSupportsIndirectInputEvents = YES;
				INFOPLIST_KEY_UILaunchStoryboardName = LaunchScreen;
				INFOPLIST_KEY_UIMainStoryboardFile = Main;
				INFOPLIST_KEY_UISupportedInterfaceOrientations_iPad = "UIInterfaceOrientationPortrait UIInterfaceOrientationPortraitUpsideDown UIInterfaceOrientationLandscapeLeft UIInterfaceOrientationLandscapeRight";
				INFOPLIST_KEY_UISupportedInterfaceOrientations_iPhone = "UIInterfaceOrientationPortrait UIInterfaceOrientationLandscapeLeft UIInterfaceOrientationLandscapeRight";
				LD_RUNPATH_SEARCH_PATHS = (
					"$(inherited)",
					"@executable_path/Frameworks",
				);
				MARKETING_VERSION = 1.0;
				PRODUCT_BUNDLE_IDENTIFIER = com.DragonBox.Habits;
				PRODUCT_NAME = "$(TARGET_NAME)";
				SWIFT_EMIT_LOC_STRINGS = YES;
				SWIFT_VERSION = 5.0;
				TARGETED_DEVICE_FAMILY = "1,2";
			};
			name = Debug;
		};
		620FC9792A247C770040C617 /* Release */ = {
			isa = XCBuildConfiguration;
			buildSettings = {
				ASSETCATALOG_COMPILER_APPICON_NAME = AppIcon;
				ASSETCATALOG_COMPILER_GLOBAL_ACCENT_COLOR_NAME = AccentColor;
				CODE_SIGN_STYLE = Automatic;
				CURRENT_PROJECT_VERSION = 1;
				DEVELOPMENT_TEAM = B6QF5VZUBU;
				GENERATE_INFOPLIST_FILE = YES;
				INFOPLIST_FILE = Habits/Info.plist;
				INFOPLIST_KEY_UIApplicationSupportsIndirectInputEvents = YES;
				INFOPLIST_KEY_UILaunchStoryboardName = LaunchScreen;
				INFOPLIST_KEY_UIMainStoryboardFile = Main;
				INFOPLIST_KEY_UISupportedInterfaceOrientations_iPad = "UIInterfaceOrientationPortrait UIInterfaceOrientationPortraitUpsideDown UIInterfaceOrientationLandscapeLeft UIInterfaceOrientationLandscapeRight";
				INFOPLIST_KEY_UISupportedInterfaceOrientations_iPhone = "UIInterfaceOrientationPortrait UIInterfaceOrientationLandscapeLeft UIInterfaceOrientationLandscapeRight";
				LD_RUNPATH_SEARCH_PATHS = (
					"$(inherited)",
					"@executable_path/Frameworks",
				);
				MARKETING_VERSION = 1.0;
				PRODUCT_BUNDLE_IDENTIFIER = com.DragonBox.Habits;
				PRODUCT_NAME = "$(TARGET_NAME)";
				SWIFT_EMIT_LOC_STRINGS = YES;
				SWIFT_VERSION = 5.0;
				TARGETED_DEVICE_FAMILY = "1,2";
			};
			name = Release;
		};
/* End XCBuildConfiguration section */

/* Begin XCConfigurationList section */
		620FC95E2A247C760040C617 /* Build configuration list for PBXProject "Habits" */ = {
			isa = XCConfigurationList;
			buildConfigurations = (
				620FC9752A247C770040C617 /* Debug */,
				620FC9762A247C770040C617 /* Release */,
			);
			defaultConfigurationIsVisible = 0;
			defaultConfigurationName = Release;
		};
		620FC9772A247C770040C617 /* Build configuration list for PBXNativeTarget "Habits" */ = {
			isa = XCConfigurationList;
			buildConfigurations = (
				620FC9782A247C770040C617 /* Debug */,
				620FC9792A247C770040C617 /* Release */,
			);
			defaultConfigurationIsVisible = 0;
			defaultConfigurationName = Release;
		};
/* End XCConfigurationList section */
	};
	rootObject = 620FC95B2A247C760040C617 /* Project object */;
}
